
Microsoft Visual Studio Solution File, Format Version 12.00
# Visual Studio Version 17
VisualStudioVersion = 17.0.32014.148
MinimumVisualStudioVersion = 10.0.40219.1
Project("{FAE04EC0-301F-11D3-BF4B-00C04F79EFBC}") = "TodoApp", "TodoApp.csproj", "{721270CE-EF2F-48A9-A631-69B45D9F8C30}"
EndProject
Project("{FAE04EC0-301F-11D3-BF4B-00C04F79EFBC}") = "TodoAppTests", "..\TodoAppTests\TodoAppTests.csproj", "{B4DBFE80-22C5-4B08-8594-148EAD89B379}"
EndProject
Global
	GlobalSection(SolutionConfigurationPlatforms) = preSolution
		Debug|Any CPU = Debug|Any CPU
		Release|Any CPU = Release|Any CPU
	EndGlobalSection
	GlobalSection(ProjectConfigurationPlatforms) = postSolution
		{721270CE-EF2F-48A9-A631-69B45D9F8C30}.Debug|Any CPU.ActiveCfg = Debug|Any CPU
		{721270CE-EF2F-48A9-A631-69B45D9F8C30}.Debug|Any CPU.Build.0 = Debug|Any CPU
		{721270CE-EF2F-48A9-A631-69B45D9F8C30}.Release|Any CPU.ActiveCfg = Release|Any CPU
		{721270CE-EF2F-48A9-A631-69B45D9F8C30}.Release|Any CPU.Build.0 = Release|Any CPU
		{B4DBFE80-22C5-4B08-8594-148EAD89B379}.Debug|Any CPU.ActiveCfg = Debug|Any CPU
		{B4DBFE80-22C5-4B08-8594-148EAD89B379}.Debug|Any CPU.Build.0 = Debug|Any CPU
		{B4DBFE80-22C5-4B08-8594-148EAD89B379}.Release|Any CPU.ActiveCfg = Release|Any CPU
		{B4DBFE80-22C5-4B08-8594-148EAD89B379}.Release|Any CPU.Build.0 = Release|Any CPU
	EndGlobalSection
	GlobalSection(SolutionProperties) = preSolution
		HideSolutionNode = FALSE
	EndGlobalSection
	GlobalSection(ExtensibilityGlobals) = postSolution
		SolutionGuid = {EE1E3328-8230-41FA-9C61-72FF274299CA}
	EndGlobalSection
EndGlobal
