
Microsoft Visual Studio Solution File, Format Version 12.00
# Visual Studio Version 17
VisualStudioVersion = 17.3.32901.215
MinimumVisualStudioVersion = 10.0.40219.1
Project("{9A19103F-16F7-4668-BE54-9A1E7A4F7556}") = "Warehouse", "Warehouse\Warehouse.csproj", "{7C63ED4E-2D0B-4354-AAD2-6B581D5FAB98}"
EndProject
Project("{FAE04EC0-301F-11D3-BF4B-00C04F79EFBC}") = "WareHouseTests", "WareHouseTests\WareHouseTests.csproj", "{941B2DE9-0FE8-45AC-AAAE-8C5E026D774E}"
EndProject
Global
	GlobalSection(SolutionConfigurationPlatforms) = preSolution
		Debug|Any CPU = Debug|Any CPU
		Release|Any CPU = Release|Any CPU
	EndGlobalSection
	GlobalSection(ProjectConfigurationPlatforms) = postSolution
		{7C63ED4E-2D0B-4354-AAD2-6B581D5FAB98}.Debug|Any CPU.ActiveCfg = Debug|Any CPU
		{7C63ED4E-2D0B-4354-AAD2-6B581D5FAB98}.Debug|Any CPU.Build.0 = Debug|Any CPU
		{7C63ED4E-2D0B-4354-AAD2-6B581D5FAB98}.Release|Any CPU.ActiveCfg = Release|Any CPU
		{7C63ED4E-2D0B-4354-AAD2-6B581D5FAB98}.Release|Any CPU.Build.0 = Release|Any CPU
		{941B2DE9-0FE8-45AC-AAAE-8C5E026D774E}.Debug|Any CPU.ActiveCfg = Debug|Any CPU
		{941B2DE9-0FE8-45AC-AAAE-8C5E026D774E}.Debug|Any CPU.Build.0 = Debug|Any CPU
		{941B2DE9-0FE8-45AC-AAAE-8C5E026D774E}.Release|Any CPU.ActiveCfg = Release|Any CPU
		{941B2DE9-0FE8-45AC-AAAE-8C5E026D774E}.Release|Any CPU.Build.0 = Release|Any CPU
	EndGlobalSection
	GlobalSection(SolutionProperties) = preSolution
		HideSolutionNode = FALSE
	EndGlobalSection
	GlobalSection(ExtensibilityGlobals) = postSolution
		SolutionGuid = {831EE622-9953-4964-A325-90DC3B70DD15}
	EndGlobalSection
EndGlobal
