
Microsoft Visual Studio Solution File, Format Version 12.00
# Visual Studio Version 17
VisualStudioVersion = 17.0.32014.148
MinimumVisualStudioVersion = 10.0.40219.1
Project("{FAE04EC0-301F-11D3-BF4B-00C04F79EFBC}") = "MathOperationProject_1", "MathOperationProject_1.csproj", "{7536CACA-F37E-4E8E-AFDD-0BCCE37C632C}"
EndProject
Project("{FAE04EC0-301F-11D3-BF4B-00C04F79EFBC}") = "MathOperationsTests", "..\MathOperationsTests\MathOperationsTests.csproj", "{2A18F4A6-30B7-487D-A2D6-75462A9207D7}"
EndProject
Global
	GlobalSection(SolutionConfigurationPlatforms) = preSolution
		Debug|Any CPU = Debug|Any CPU
		Release|Any CPU = Release|Any CPU
	EndGlobalSection
	GlobalSection(ProjectConfigurationPlatforms) = postSolution
		{7536CACA-F37E-4E8E-AFDD-0BCCE37C632C}.Debug|Any CPU.ActiveCfg = Debug|Any CPU
		{7536CACA-F37E-4E8E-AFDD-0BCCE37C632C}.Debug|Any CPU.Build.0 = Debug|Any CPU
		{7536CACA-F37E-4E8E-AFDD-0BCCE37C632C}.Release|Any CPU.ActiveCfg = Release|Any CPU
		{7536CACA-F37E-4E8E-AFDD-0BCCE37C632C}.Release|Any CPU.Build.0 = Release|Any CPU
		{2A18F4A6-30B7-487D-A2D6-75462A9207D7}.Debug|Any CPU.ActiveCfg = Debug|Any CPU
		{2A18F4A6-30B7-487D-A2D6-75462A9207D7}.Debug|Any CPU.Build.0 = Debug|Any CPU
		{2A18F4A6-30B7-487D-A2D6-75462A9207D7}.Release|Any CPU.ActiveCfg = Release|Any CPU
		{2A18F4A6-30B7-487D-A2D6-75462A9207D7}.Release|Any CPU.Build.0 = Release|Any CPU
	EndGlobalSection
	GlobalSection(SolutionProperties) = preSolution
		HideSolutionNode = FALSE
	EndGlobalSection
	GlobalSection(ExtensibilityGlobals) = postSolution
		SolutionGuid = {37B6AB32-10FD-4E90-8161-DC5474C3F2E7}
	EndGlobalSection
EndGlobal
